// !$*UTF8*$!
{
	archiveVersion = 1;
	classes = {
	};
	objectVersion = 50;
	objects = {

/* Begin PBXBuildFile section */
		7300824C244B1CD900F4909F /* Preferences.swift in Sources */ = {isa = PBXBuildFile; fileRef = 7300824B244B1CD900F4909F /* Preferences.swift */; };
		7324FB882447774B00224F28 /* Keychain.swift in Sources */ = {isa = PBXBuildFile; fileRef = 7324FB872447774B00224F28 /* Keychain.swift */; };
		738A1AD4242E66FC001FF65B /* AppDelegate.swift in Sources */ = {isa = PBXBuildFile; fileRef = 738A1AD3242E66FC001FF65B /* AppDelegate.swift */; };
		738A1AD6242E66FD001FF65B /* Assets.xcassets in Resources */ = {isa = PBXBuildFile; fileRef = 738A1AD5242E66FD001FF65B /* Assets.xcassets */; };
		738A1AD9242E66FD001FF65B /* MainMenu.xib in Resources */ = {isa = PBXBuildFile; fileRef = 738A1AD7242E66FD001FF65B /* MainMenu.xib */; };
		738A1AE2242F387F001FF65B /* Functions.swift in Sources */ = {isa = PBXBuildFile; fileRef = 738A1AE1242F387E001FF65B /* Functions.swift */; };
/* End PBXBuildFile section */

/* Begin PBXFileReference section */
		7300824B244B1CD900F4909F /* Preferences.swift */ = {isa = PBXFileReference; lastKnownFileType = sourcecode.swift; path = Preferences.swift; sourceTree = "<group>"; };
		7324FB872447774B00224F28 /* Keychain.swift */ = {isa = PBXFileReference; lastKnownFileType = sourcecode.swift; path = Keychain.swift; sourceTree = "<group>"; };
		738A1AD0242E66FC001FF65B /* PrinterSetup.app */ = {isa = PBXFileReference; explicitFileType = wrapper.application; includeInIndex = 0; path = PrinterSetup.app; sourceTree = BUILT_PRODUCTS_DIR; };
		738A1AD3242E66FC001FF65B /* AppDelegate.swift */ = {isa = PBXFileReference; lastKnownFileType = sourcecode.swift; path = AppDelegate.swift; sourceTree = "<group>"; };
		738A1AD5242E66FD001FF65B /* Assets.xcassets */ = {isa = PBXFileReference; lastKnownFileType = folder.assetcatalog; path = Assets.xcassets; sourceTree = "<group>"; };
		738A1AD8242E66FD001FF65B /* Base */ = {isa = PBXFileReference; lastKnownFileType = file.xib; name = Base; path = Base.lproj/MainMenu.xib; sourceTree = "<group>"; };
		738A1ADA242E66FD001FF65B /* Info.plist */ = {isa = PBXFileReference; lastKnownFileType = text.plist.xml; path = Info.plist; sourceTree = "<group>"; };
		738A1ADB242E66FD001FF65B /* PrinterSetup.entitlements */ = {isa = PBXFileReference; lastKnownFileType = text.plist.entitlements; path = PrinterSetup.entitlements; sourceTree = "<group>"; };
		738A1AE1242F387E001FF65B /* Functions.swift */ = {isa = PBXFileReference; lastKnownFileType = sourcecode.swift; path = Functions.swift; sourceTree = "<group>"; };
/* End PBXFileReference section */

/* Begin PBXFrameworksBuildPhase section */
		738A1ACD242E66FC001FF65B /* Frameworks */ = {
			isa = PBXFrameworksBuildPhase;
			buildActionMask = 2147483647;
			files = (
			);
			runOnlyForDeploymentPostprocessing = 0;
		};
/* End PBXFrameworksBuildPhase section */

/* Begin PBXGroup section */
		738A1AC7242E66FC001FF65B = {
			isa = PBXGroup;
			children = (
				738A1AD2242E66FC001FF65B /* PrinterSetup */,
				738A1AD1242E66FC001FF65B /* Products */,
			);
			sourceTree = "<group>";
		};
		738A1AD1242E66FC001FF65B /* Products */ = {
			isa = PBXGroup;
			children = (
				738A1AD0242E66FC001FF65B /* PrinterSetup.app */,
			);
			name = Products;
			sourceTree = "<group>";
		};
		738A1AD2242E66FC001FF65B /* PrinterSetup */ = {
			isa = PBXGroup;
			children = (
				738A1AE1242F387E001FF65B /* Functions.swift */,
				738A1AD3242E66FC001FF65B /* AppDelegate.swift */,
				7324FB872447774B00224F28 /* Keychain.swift */,
				7300824B244B1CD900F4909F /* Preferences.swift */,
				738A1AD5242E66FD001FF65B /* Assets.xcassets */,
				738A1AD7242E66FD001FF65B /* MainMenu.xib */,
				738A1ADA242E66FD001FF65B /* Info.plist */,
				738A1ADB242E66FD001FF65B /* PrinterSetup.entitlements */,
			);
			path = PrinterSetup;
			sourceTree = "<group>";
		};
/* End PBXGroup section */

/* Begin PBXNativeTarget section */
		738A1ACF242E66FC001FF65B /* PrinterSetup */ = {
			isa = PBXNativeTarget;
			buildConfigurationList = 738A1ADE242E66FD001FF65B /* Build configuration list for PBXNativeTarget "PrinterSetup" */;
			buildPhases = (
				738A1ACC242E66FC001FF65B /* Sources */,
				738A1ACD242E66FC001FF65B /* Frameworks */,
				738A1ACE242E66FC001FF65B /* Resources */,
			);
			buildRules = (
			);
			dependencies = (
			);
			name = PrinterSetup;
			productName = PrinterSetup;
			productReference = 738A1AD0242E66FC001FF65B /* PrinterSetup.app */;
			productType = "com.apple.product-type.application";
		};
/* End PBXNativeTarget section */

/* Begin PBXProject section */
		738A1AC8242E66FC001FF65B /* Project object */ = {
			isa = PBXProject;
			attributes = {
				LastSwiftUpdateCheck = 1130;
				LastUpgradeCheck = 1150;
				ORGANIZATIONNAME = "Mikael Löfgren";
				TargetAttributes = {
					738A1ACF242E66FC001FF65B = {
						CreatedOnToolsVersion = 11.3.1;
					};
				};
			};
			buildConfigurationList = 738A1ACB242E66FC001FF65B /* Build configuration list for PBXProject "PrinterSetup" */;
			compatibilityVersion = "Xcode 9.3";
			developmentRegion = en;
			hasScannedForEncodings = 0;
			knownRegions = (
				en,
				Base,
			);
			mainGroup = 738A1AC7242E66FC001FF65B;
			productRefGroup = 738A1AD1242E66FC001FF65B /* Products */;
			projectDirPath = "";
			projectRoot = "";
			targets = (
				738A1ACF242E66FC001FF65B /* PrinterSetup */,
			);
		};
/* End PBXProject section */

/* Begin PBXResourcesBuildPhase section */
		738A1ACE242E66FC001FF65B /* Resources */ = {
			isa = PBXResourcesBuildPhase;
			buildActionMask = 2147483647;
			files = (
				738A1AD6242E66FD001FF65B /* Assets.xcassets in Resources */,
				738A1AD9242E66FD001FF65B /* MainMenu.xib in Resources */,
			);
			runOnlyForDeploymentPostprocessing = 0;
		};
/* End PBXResourcesBuildPhase section */

/* Begin PBXSourcesBuildPhase section */
		738A1ACC242E66FC001FF65B /* Sources */ = {
			isa = PBXSourcesBuildPhase;
			buildActionMask = 2147483647;
			files = (
				738A1AD4242E66FC001FF65B /* AppDelegate.swift in Sources */,
				738A1AE2242F387F001FF65B /* Functions.swift in Sources */,
				7300824C244B1CD900F4909F /* Preferences.swift in Sources */,
				7324FB882447774B00224F28 /* Keychain.swift in Sources */,
			);
			runOnlyForDeploymentPostprocessing = 0;
		};
/* End PBXSourcesBuildPhase section */

/* Begin PBXVariantGroup section */
		738A1AD7242E66FD001FF65B /* MainMenu.xib */ = {
			isa = PBXVariantGroup;
			children = (
				738A1AD8242E66FD001FF65B /* Base */,
			);
			name = MainMenu.xib;
			sourceTree = "<group>";
		};
/* End PBXVariantGroup section */

/* Begin XCBuildConfiguration section */
		738A1ADC242E66FD001FF65B /* Debug */ = {
			isa = XCBuildConfiguration;
			buildSettings = {
				ALWAYS_SEARCH_USER_PATHS = NO;
				CLANG_ANALYZER_NONNULL = YES;
				CLANG_ANALYZER_NUMBER_OBJECT_CONVERSION = YES_AGGRESSIVE;
				CLANG_CXX_LANGUAGE_STANDARD = "gnu++14";
				CLANG_CXX_LIBRARY = "libc++";
				CLANG_ENABLE_MODULES = YES;
				CLANG_ENABLE_OBJC_ARC = YES;
				CLANG_ENABLE_OBJC_WEAK = YES;
				CLANG_WARN_BLOCK_CAPTURE_AUTORELEASING = YES;
				CLANG_WARN_BOOL_CONVERSION = YES;
				CLANG_WARN_COMMA = YES;
				CLANG_WARN_CONSTANT_CONVERSION = YES;
				CLANG_WARN_DEPRECATED_OBJC_IMPLEMENTATIONS = YES;
				CLANG_WARN_DIRECT_OBJC_ISA_USAGE = YES_ERROR;
				CLANG_WARN_DOCUMENTATION_COMMENTS = YES;
				CLANG_WARN_EMPTY_BODY = YES;
				CLANG_WARN_ENUM_CONVERSION = YES;
				CLANG_WARN_INFINITE_RECURSION = YES;
				CLANG_WARN_INT_CONVERSION = YES;
				CLANG_WARN_NON_LITERAL_NULL_CONVERSION = YES;
				CLANG_WARN_OBJC_IMPLICIT_RETAIN_SELF = YES;
				CLANG_WARN_OBJC_LITERAL_CONVERSION = YES;
				CLANG_WARN_OBJC_ROOT_CLASS = YES_ERROR;
				CLANG_WARN_RANGE_LOOP_ANALYSIS = YES;
				CLANG_WARN_STRICT_PROTOTYPES = YES;
				CLANG_WARN_SUSPICIOUS_MOVE = YES;
				CLANG_WARN_UNGUARDED_AVAILABILITY = YES_AGGRESSIVE;
				CLANG_WARN_UNREACHABLE_CODE = YES;
				CLANG_WARN__DUPLICATE_METHOD_MATCH = YES;
				COPY_PHASE_STRIP = NO;
				DEBUG_INFORMATION_FORMAT = dwarf;
				ENABLE_HARDENED_RUNTIME = YES;
				ENABLE_STRICT_OBJC_MSGSEND = YES;
				ENABLE_TESTABILITY = YES;
				GCC_C_LANGUAGE_STANDARD = gnu11;
				GCC_DYNAMIC_NO_PIC = NO;
				GCC_NO_COMMON_BLOCKS = YES;
				GCC_OPTIMIZATION_LEVEL = 0;
				GCC_PREPROCESSOR_DEFINITIONS = (
					"DEBUG=1",
					"$(inherited)",
				);
				GCC_WARN_64_TO_32_BIT_CONVERSION = YES;
				GCC_WARN_ABOUT_RETURN_TYPE = YES_ERROR;
				GCC_WARN_UNDECLARED_SELECTOR = YES;
				GCC_WARN_UNINITIALIZED_AUTOS = YES_AGGRESSIVE;
				GCC_WARN_UNUSED_FUNCTION = YES;
				GCC_WARN_UNUSED_VARIABLE = YES;
				MACOSX_DEPLOYMENT_TARGET = 10.13;
				MTL_ENABLE_DEBUG_INFO = INCLUDE_SOURCE;
				MTL_FAST_MATH = YES;
				ONLY_ACTIVE_ARCH = YES;
				SDKROOT = macosx;
				SWIFT_ACTIVE_COMPILATION_CONDITIONS = DEBUG;
				SWIFT_OPTIMIZATION_LEVEL = "-Onone";
			};
			name = Debug;
		};
		738A1ADD242E66FD001FF65B /* Release */ = {
			isa = XCBuildConfiguration;
			buildSettings = {
				ALWAYS_SEARCH_USER_PATHS = NO;
				CLANG_ANALYZER_NONNULL = YES;
				CLANG_ANALYZER_NUMBER_OBJECT_CONVERSION = YES_AGGRESSIVE;
				CLANG_CXX_LANGUAGE_STANDARD = "gnu++14";
				CLANG_CXX_LIBRARY = "libc++";
				CLANG_ENABLE_MODULES = YES;
				CLANG_ENABLE_OBJC_ARC = YES;
				CLANG_ENABLE_OBJC_WEAK = YES;
				CLANG_WARN_BLOCK_CAPTURE_AUTORELEASING = YES;
				CLANG_WARN_BOOL_CONVERSION = YES;
				CLANG_WARN_COMMA = YES;
				CLANG_WARN_CONSTANT_CONVERSION = YES;
				CLANG_WARN_DEPRECATED_OBJC_IMPLEMENTATIONS = YES;
				CLANG_WARN_DIRECT_OBJC_ISA_USAGE = YES_ERROR;
				CLANG_WARN_DOCUMENTATION_COMMENTS = YES;
				CLANG_WARN_EMPTY_BODY = YES;
				CLANG_WARN_ENUM_CONVERSION = YES;
				CLANG_WARN_INFINITE_RECURSION = YES;
				CLANG_WARN_INT_CONVERSION = YES;
				CLANG_WARN_NON_LITERAL_NULL_CONVERSION = YES;
				CLANG_WARN_OBJC_IMPLICIT_RETAIN_SELF = YES;
				CLANG_WARN_OBJC_LITERAL_CONVERSION = YES;
				CLANG_WARN_OBJC_ROOT_CLASS = YES_ERROR;
				CLANG_WARN_RANGE_LOOP_ANALYSIS = YES;
				CLANG_WARN_STRICT_PROTOTYPES = YES;
				CLANG_WARN_SUSPICIOUS_MOVE = YES;
				CLANG_WARN_UNGUARDED_AVAILABILITY = YES_AGGRESSIVE;
				CLANG_WARN_UNREACHABLE_CODE = YES;
				CLANG_WARN__DUPLICATE_METHOD_MATCH = YES;
				COPY_PHASE_STRIP = NO;
				DEBUG_INFORMATION_FORMAT = "dwarf-with-dsym";
				ENABLE_HARDENED_RUNTIME = YES;
				ENABLE_NS_ASSERTIONS = NO;
				ENABLE_STRICT_OBJC_MSGSEND = YES;
				GCC_C_LANGUAGE_STANDARD = gnu11;
				GCC_NO_COMMON_BLOCKS = YES;
				GCC_WARN_64_TO_32_BIT_CONVERSION = YES;
				GCC_WARN_ABOUT_RETURN_TYPE = YES_ERROR;
				GCC_WARN_UNDECLARED_SELECTOR = YES;
				GCC_WARN_UNINITIALIZED_AUTOS = YES_AGGRESSIVE;
				GCC_WARN_UNUSED_FUNCTION = YES;
				GCC_WARN_UNUSED_VARIABLE = YES;
				MACOSX_DEPLOYMENT_TARGET = 10.13;
				MTL_ENABLE_DEBUG_INFO = NO;
				MTL_FAST_MATH = YES;
				SDKROOT = macosx;
				SWIFT_COMPILATION_MODE = wholemodule;
				SWIFT_OPTIMIZATION_LEVEL = "-O";
			};
			name = Release;
		};
		738A1ADF242E66FD001FF65B /* Debug */ = {
			isa = XCBuildConfiguration;
			buildSettings = {
				ASSETCATALOG_COMPILER_APPICON_NAME = AppIcon;
				CODE_SIGN_ENTITLEMENTS = PrinterSetup/PrinterSetup.entitlements;
				CODE_SIGN_IDENTITY = "-";
				CODE_SIGN_STYLE = Automatic;
				COMBINE_HIDPI_IMAGES = YES;
				ENABLE_HARDENED_RUNTIME = YES;
				INFOPLIST_FILE = PrinterSetup/Info.plist;
				LD_RUNPATH_SEARCH_PATHS = (
					"$(inherited)",
					"@executable_path/../Frameworks",
				);
				MARKETING_VERSION = 2.0;
				PRODUCT_BUNDLE_IDENTIFIER = se.dicom.PrinterSetup;
				PRODUCT_NAME = "$(TARGET_NAME)";
				SWIFT_VERSION = 5.0;
			};
			name = Debug;
		};
		738A1AE0242E66FD001FF65B /* Release */ = {
			isa = XCBuildConfiguration;
			buildSettings = {
				ASSETCATALOG_COMPILER_APPICON_NAME = AppIcon;
				CODE_SIGN_ENTITLEMENTS = PrinterSetup/PrinterSetup.entitlements;
				CODE_SIGN_IDENTITY = "-";
				CODE_SIGN_STYLE = Automatic;
				COMBINE_HIDPI_IMAGES = YES;
				ENABLE_HARDENED_RUNTIME = YES;
				INFOPLIST_FILE = PrinterSetup/Info.plist;
				LD_RUNPATH_SEARCH_PATHS = (
					"$(inherited)",
					"@executable_path/../Frameworks",
				);
				MARKETING_VERSION = 2.0;
				PRODUCT_BUNDLE_IDENTIFIER = se.dicom.PrinterSetup;
				PRODUCT_NAME = "$(TARGET_NAME)";
				SWIFT_VERSION = 5.0;
			};
			name = Release;
		};
/* End XCBuildConfiguration section */

/* Begin XCConfigurationList section */
		738A1ACB242E66FC001FF65B /* Build configuration list for PBXProject "PrinterSetup" */ = {
			isa = XCConfigurationList;
			buildConfigurations = (
				738A1ADC242E66FD001FF65B /* Debug */,
				738A1ADD242E66FD001FF65B /* Release */,
			);
			defaultConfigurationIsVisible = 0;
			defaultConfigurationName = Release;
		};
		738A1ADE242E66FD001FF65B /* Build configuration list for PBXNativeTarget "PrinterSetup" */ = {
			isa = XCConfigurationList;
			buildConfigurations = (
				738A1ADF242E66FD001FF65B /* Debug */,
				738A1AE0242E66FD001FF65B /* Release */,
			);
			defaultConfigurationIsVisible = 0;
			defaultConfigurationName = Release;
		};
/* End XCConfigurationList section */
	};
	rootObject = 738A1AC8242E66FC001FF65B /* Project object */;
}
